
Microsoft Visual Studio Solution File, Format Version 12.00
# Visual Studio Version 17
VisualStudioVersion = 17.13.35828.75 d17.13
MinimumVisualStudioVersion = 10.0.40219.1
Project("{FAE04EC0-301F-11D3-BF4B-00C04F79EFBC}") = "VideoVerhuurWeb", "VideoVerhuurWeb\VideoVerhuurWeb.csproj", "{1D399585-70F6-413C-A26D-6DC0231153B5}"
EndProject
Project("{FAE04EC0-301F-11D3-BF4B-00C04F79EFBC}") = "VideoVerhuurData", "VideoVerhuurData\VideoVerhuurData.csproj", "{B3F8A21D-A20F-4D76-817F-A1EE63065154}"
EndProject
Project("{FAE04EC0-301F-11D3-BF4B-00C04F79EFBC}") = "VideoVerhuurServices", "VideoVerhuurServices\VideoVerhuurServices.csproj", "{B94EED62-F4F9-46DE-8A8D-3360ED656AF3}"
EndProject
Global
	GlobalSection(SolutionConfigurationPlatforms) = preSolution
		Debug|Any CPU = Debug|Any CPU
		Release|Any CPU = Release|Any CPU
	EndGlobalSection
	GlobalSection(ProjectConfigurationPlatforms) = postSolution
		{1D399585-70F6-413C-A26D-6DC0231153B5}.Debug|Any CPU.ActiveCfg = Debug|Any CPU
		{1D399585-70F6-413C-A26D-6DC0231153B5}.Debug|Any CPU.Build.0 = Debug|Any CPU
		{1D399585-70F6-413C-A26D-6DC0231153B5}.Release|Any CPU.ActiveCfg = Release|Any CPU
		{1D399585-70F6-413C-A26D-6DC0231153B5}.Release|Any CPU.Build.0 = Release|Any CPU
		{B3F8A21D-A20F-4D76-817F-A1EE63065154}.Debug|Any CPU.ActiveCfg = Debug|Any CPU
		{B3F8A21D-A20F-4D76-817F-A1EE63065154}.Debug|Any CPU.Build.0 = Debug|Any CPU
		{B3F8A21D-A20F-4D76-817F-A1EE63065154}.Release|Any CPU.ActiveCfg = Release|Any CPU
		{B3F8A21D-A20F-4D76-817F-A1EE63065154}.Release|Any CPU.Build.0 = Release|Any CPU
		{B94EED62-F4F9-46DE-8A8D-3360ED656AF3}.Debug|Any CPU.ActiveCfg = Debug|Any CPU
		{B94EED62-F4F9-46DE-8A8D-3360ED656AF3}.Debug|Any CPU.Build.0 = Debug|Any CPU
		{B94EED62-F4F9-46DE-8A8D-3360ED656AF3}.Release|Any CPU.ActiveCfg = Release|Any CPU
		{B94EED62-F4F9-46DE-8A8D-3360ED656AF3}.Release|Any CPU.Build.0 = Release|Any CPU
	EndGlobalSection
	GlobalSection(SolutionProperties) = preSolution
		HideSolutionNode = FALSE
	EndGlobalSection
	GlobalSection(ExtensibilityGlobals) = postSolution
		SolutionGuid = {6E9E70EA-0303-4FAD-BD7A-AFD694F194BE}
	EndGlobalSection
EndGlobal
